{
  "requires": true,
  "lockfileVersion": 1,
  "dependencies": {
    "@babel/runtime": {
      "version": "7.13.17",
      "resolved": "https://registry.npmjs.org/@babel/runtime/-/runtime-7.13.17.tgz",
      "integrity": "sha512-NCdgJEelPTSh+FEFylhnP1ylq848l1z9t9N0j1Lfbcw0+KXGjsTvUmkxy+voLLXB5SOKMbLLx4jxYliGrYQseA==",
      "requires": {
        "regenerator-runtime": "^0.13.4"
      }
    },
    "@react-spring/animated": {
      "version": "9.1.2",
      "resolved": "https://registry.npmjs.org/@react-spring/animated/-/animated-9.1.2.tgz",
      "integrity": "sha512-nKOGk+3aWbNp46V/CB1J2vR3GJI/Vork8N1WTI5mt+32QekrSsBn5/YFt4/iPaDGhLjukFxF0IjLs6hRLqSObw==",
      "requires": {
        "@react-spring/shared": "~9.1.2",
        "@react-spring/types": "~9.1.2"
      }
    },
    "@react-spring/core": {
      "version": "9.1.2",
      "resolved": "https://registry.npmjs.org/@react-spring/core/-/core-9.1.2.tgz",
      "integrity": "sha512-rgobYPCcLdDwbHBVqAmvtXhhX92G7MoPltJlzUge843yp1dNr47tkagFdCtw9NMGp6eHu/CE5byh/imlhLLAxw==",
      "requires": {
        "@react-spring/animated": "~9.1.2",
        "@react-spring/shared": "~9.1.2",
        "@react-spring/types": "~9.1.2"
      }
    },
    "@react-spring/konva": {
      "version": "9.1.2",
      "resolved": "https://registry.npmjs.org/@react-spring/konva/-/konva-9.1.2.tgz",
      "integrity": "sha512-P60mhUHRYgPPhoTBQWzuzD3hfeCFWC0BQ7N0iHzpMTzDIrAvutyg+iAX59jSXo3yatrcx60NmlCsiG8tRxbw6w==",
      "requires": {
        "@react-spring/animated": "~9.1.2",
        "@react-spring/core": "~9.1.2",
        "@react-spring/shared": "~9.1.2",
        "@react-spring/types": "~9.1.2"
      }
    },
    "@react-spring/native": {
      "version": "9.1.2",
      "resolved": "https://registry.npmjs.org/@react-spring/native/-/native-9.1.2.tgz",
      "integrity": "sha512-d7+tCoKAnDPSoVtpyFFm4BWQhn1h833ocdP0d2POZzKTcR1iQ8YI7EQ22iKGLvwH+0vjymde039CgYy31INqWQ==",
      "requires": {
        "@react-spring/animated": "~9.1.2",
        "@react-spring/core": "~9.1.2",
        "@react-spring/shared": "~9.1.2",
        "@react-spring/types": "~9.1.2"
      }
    },
    "@react-spring/shared": {
      "version": "9.1.2",
      "resolved": "https://registry.npmjs.org/@react-spring/shared/-/shared-9.1.2.tgz",
      "integrity": "sha512-sj/RrhFZAteCWAMk+W0t6Ku/skn/lbskCCs8B7ZnHNLMGPM+Zb3MOk+aVbX3T/D0iq/oTnKWyQYqrXDKiFcZ7g==",
      "requires": {
        "@react-spring/types": "~9.1.2",
        "rafz": "^0.1.14"
      }
    },
    "@react-spring/three": {
      "version": "9.1.2",
      "resolved": "https://registry.npmjs.org/@react-spring/three/-/three-9.1.2.tgz",
      "integrity": "sha512-d/v94ykmfJGLTJxJ+jxlTAJSfFdD+SSf+yvXReS81hc7+9VYeEwIHVIEKOzckYnPy/MEOSVhIVKF/9wdFIIo6g==",
      "requires": {
        "@react-spring/animated": "~9.1.2",
        "@react-spring/core": "~9.1.2",
        "@react-spring/shared": "~9.1.2",
        "@react-spring/types": "~9.1.2"
      }
    },
    "@react-spring/types": {
      "version": "9.1.2",
      "resolved": "https://registry.npmjs.org/@react-spring/types/-/types-9.1.2.tgz",
      "integrity": "sha512-NZNImL0ymRFbss1cGKX2qSEeFdFoOgnIJZEW4Uczt+wm04J7g0Zuf23Hf8hM35JtxDr8QO5okp8BBtCM5FzzMg=="
    },
    "@react-spring/web": {
      "version": "9.1.2",
      "resolved": "https://registry.npmjs.org/@react-spring/web/-/web-9.1.2.tgz",
      "integrity": "sha512-E5W9Hmi2bO6CPorCNV/2iv12ux9LxHJAbpXmrBPKWFRqZixysiHoNQKKPG0DmSvUU1uKkvCvMC4VoB6pj/2kxw==",
      "requires": {
        "@react-spring/animated": "~9.1.2",
        "@react-spring/core": "~9.1.2",
        "@react-spring/shared": "~9.1.2",
        "@react-spring/types": "~9.1.2"
      }
    },
    "@react-spring/zdog": {
      "version": "9.1.2",
      "resolved": "https://registry.npmjs.org/@react-spring/zdog/-/zdog-9.1.2.tgz",
      "integrity": "sha512-t5RobDp12HGVh6XJ1BZ+dFdxRQ/goEapYvjH5eqQa1vC97bSqJGLiG+SM/E360DtDlh8GXAyGSesd2pXzBkpPg==",
      "requires": {
        "@react-spring/animated": "~9.1.2",
        "@react-spring/core": "~9.1.2",
        "@react-spring/shared": "~9.1.2",
        "@react-spring/types": "~9.1.2"
      }
    },
    "dom-helpers": {
      "version": "3.4.0",
      "resolved": "https://registry.npmjs.org/dom-helpers/-/dom-helpers-3.4.0.tgz",
      "integrity": "sha512-LnuPJ+dwqKDIyotW1VzmOZ5TONUN7CwkCR5hrgawTUbkBGYdeoNLZo6nNfGkCrjtE1nXXaj7iMMpDa8/d9WoIA==",
      "requires": {
        "@babel/runtime": "^7.1.2"
      }
    },
    "exenv": {
      "version": "1.2.2",
      "resolved": "https://registry.npmjs.org/exenv/-/exenv-1.2.2.tgz",
      "integrity": "sha1-KueOhdmJQVhnCwPUe+wfA72Ru50="
    },
    "js-tokens": {
      "version": "4.0.0",
      "resolved": "https://registry.npmjs.org/js-tokens/-/js-tokens-4.0.0.tgz",
      "integrity": "sha512-RdJUflcE3cUzKiMqQgsCu06FPu9UdIJO0beYbPhHN4k6apgJtifcoCtT9bcxOpYBtpD2kCM6Sbzg4CausW/PKQ=="
    },
    "loose-envify": {
      "version": "1.4.0",
      "resolved": "https://registry.npmjs.org/loose-envify/-/loose-envify-1.4.0.tgz",
      "integrity": "sha512-lyuxPGr/Wfhrlem2CL/UcnUc1zcqKAImBDzukY7Y5F/yQiNdko6+fRLevlw1HgMySw7f611UIY408EtxRSoK3Q==",
      "requires": {
        "js-tokens": "^3.0.0 || ^4.0.0"
      }
    },
    "object-assign": {
      "version": "4.1.1",
      "resolved": "https://registry.npmjs.org/object-assign/-/object-assign-4.1.1.tgz",
      "integrity": "sha1-IQmtx5ZYh8/AXLvUQsrIv7s2CGM="
    },
    "prop-types": {
      "version": "15.7.2",
      "resolved": "https://registry.npmjs.org/prop-types/-/prop-types-15.7.2.tgz",
      "integrity": "sha512-8QQikdH7//R2vurIJSutZ1smHYTcLpRWEOlHnzcWHmBYrOGUysKwSsrC89BCiFj3CbrfJ/nXFdJepOVrY1GCHQ==",
      "requires": {
        "loose-envify": "^1.4.0",
        "object-assign": "^4.1.1",
        "react-is": "^16.8.1"
      }
    },
    "rafz": {
      "version": "0.1.14",
      "resolved": "https://registry.npmjs.org/rafz/-/rafz-0.1.14.tgz",
      "integrity": "sha512-YiQkedSt1urYtYbvHhTQR3l67M8SZbUvga5eJFM/v4vx/GmDdtXlE2hjJIyRjhhO/PjcdGC+CXCYOUA4onit8w=="
    },
    "react-is": {
      "version": "16.13.1",
      "resolved": "https://registry.npmjs.org/react-is/-/react-is-16.13.1.tgz",
      "integrity": "sha512-24e6ynE2H+OKt4kqsOvNd8kBpV65zoxbA4BVsEOB3ARVWQki/DHzaUoC5KuON/BiccDaCCTZBuOcfZs70kR8bQ=="
    },
    "react-lazyload": {
      "version": "3.2.0",
      "resolved": "https://registry.npmjs.org/react-lazyload/-/react-lazyload-3.2.0.tgz",
      "integrity": "sha512-zJlrG8QyVZz4+xkYZH5v1w3YaP5wEFaYSUWC4CT9UXfK75IfRAIEdnyIUF+dXr3kX2MOtL1lUaZmaQZqrETwgw=="
    },
    "react-lifecycles-compat": {
      "version": "3.0.4",
      "resolved": "https://registry.npmjs.org/react-lifecycles-compat/-/react-lifecycles-compat-3.0.4.tgz",
      "integrity": "sha512-fBASbA6LnOU9dOU2eW7aQ8xmYBSXUIWr+UmF9b1efZBazGNO+rcXT/icdKnYm2pTwcRylVUYwW7H1PHfLekVzA=="
    },
    "react-loader-spinner": {
      "version": "4.0.0",
      "resolved": "https://registry.npmjs.org/react-loader-spinner/-/react-loader-spinner-4.0.0.tgz",
      "integrity": "sha512-RU2vpEej6G4ECei0h3q6bgLU10of9Lw5O+4AwF/mtkrX5oY20Sh/AxoPJ7etbrs/7Q3u4jN5qwCwGLRKCHpk6g==",
      "requires": {
        "prop-types": "^15.7.2"
      }
    },
    "react-modal": {
      "version": "3.13.1",
      "resolved": "https://registry.npmjs.org/react-modal/-/react-modal-3.13.1.tgz",
      "integrity": "sha512-m6yXK7I4YKssQnsjHK7xITSXy2O81BSOHOsg0/uWAsdKtuT9HF2tdoYhRuxNNQg2V+LgepsoHUPJKS8m6no+eg==",
      "requires": {
        "exenv": "^1.2.0",
        "prop-types": "^15.5.10",
        "react-lifecycles-compat": "^3.0.0",
        "warning": "^4.0.3"
      }
    },
    "react-modal-video": {
      "version": "1.2.6",
      "resolved": "https://registry.npmjs.org/react-modal-video/-/react-modal-video-1.2.6.tgz",
      "integrity": "sha512-rCo+jcohvZQ+IDyd3+uwa14DuTaeMlxL9Ng4tqSl9//4Rgc0PCLQHcTdeMfHipjuzvjk6/e7OqqNRG8dMAjUYw==",
      "requires": {
        "react-transition-group": "^2.2.1"
      }
    },
    "react-spring": {
      "version": "9.1.2",
      "resolved": "https://registry.npmjs.org/react-spring/-/react-spring-9.1.2.tgz",
      "integrity": "sha512-xLmkierisElCQShCqAH3PpepjHhCyOK1wGSTdpvG7GGD+SbfG4Sac7wj6wrKTT5A5NUFM5OnVQUXZLe5HScIfA==",
      "requires": {
        "@react-spring/core": "~9.1.2",
        "@react-spring/konva": "~9.1.2",
        "@react-spring/native": "~9.1.2",
        "@react-spring/three": "~9.1.2",
        "@react-spring/web": "~9.1.2",
        "@react-spring/zdog": "~9.1.2"
      }
    },
    "react-transition-group": {
      "version": "2.9.0",
      "resolved": "https://registry.npmjs.org/react-transition-group/-/react-transition-group-2.9.0.tgz",
      "integrity": "sha512-+HzNTCHpeQyl4MJ/bdE0u6XRMe9+XG/+aL4mCxVN4DnPBQ0/5bfHWPDuOZUzYdMj94daZaZdCCc1Dzt9R/xSSg==",
      "requires": {
        "dom-helpers": "^3.4.0",
        "loose-envify": "^1.4.0",
        "prop-types": "^15.6.2",
        "react-lifecycles-compat": "^3.0.4"
      }
    },
    "regenerator-runtime": {
      "version": "0.13.7",
      "resolved": "https://registry.npmjs.org/regenerator-runtime/-/regenerator-runtime-0.13.7.tgz",
      "integrity": "sha512-a54FxoJDIr27pgf7IgeQGxmqUNYrcV338lf/6gH456HZ/PhX+5BcwHXG9ajESmwe6WRO0tAzRUrRmNONWgkrew=="
    },
    "warning": {
      "version": "4.0.3",
      "resolved": "https://registry.npmjs.org/warning/-/warning-4.0.3.tgz",
      "integrity": "sha512-rpJyN222KWIvHJ/F53XSZv0Zl/accqHR8et1kpaMTD/fLCRxtV8iX8czMzY7sVZupTI3zcUTg8eycS2kNF9l6w==",
      "requires": {
        "loose-envify": "^1.0.0"
      }
    }
  }
}
