{
  "requires": true,
  "lockfileVersion": 1,
  "dependencies": {
    "@babel/runtime": {
      "version": "7.13.17",
      "resolved": "https://registry.npmjs.org/@babel/runtime/-/runtime-7.13.17.tgz",
      "integrity": "sha512-NCdgJEelPTSh+FEFylhnP1ylq848l1z9t9N0j1Lfbcw0+KXGjsTvUmkxy+voLLXB5SOKMbLLx4jxYliGrYQseA==",
      "requires": {
        "regenerator-runtime": "^0.13.4"
      }
    },
    "@emotion/is-prop-valid": {
      "version": "0.7.3",
      "resolved": "https://registry.npmjs.org/@emotion/is-prop-valid/-/is-prop-valid-0.7.3.tgz",
      "integrity": "sha512-uxJqm/sqwXw3YPA5GXX365OBcJGFtxUVkB6WyezqFHlNe9jqUWH5ur2O2M8dGBz61kn1g3ZBlzUunFQXQIClhA==",
      "requires": {
        "@emotion/memoize": "0.7.1"
      }
    },
    "@emotion/memoize": {
      "version": "0.7.1",
      "resolved": "https://registry.npmjs.org/@emotion/memoize/-/memoize-0.7.1.tgz",
      "integrity": "sha512-Qv4LTqO11jepd5Qmlp3M1YEjBumoTHcHFdgPTQ+sFlIL5myi/7xu/POwP7IRu6odBdmLXdtIs1D6TuW6kbwbbg=="
    },
    "@popmotion/easing": {
      "version": "1.0.2",
      "resolved": "https://registry.npmjs.org/@popmotion/easing/-/easing-1.0.2.tgz",
      "integrity": "sha512-IkdW0TNmRnWTeWI7aGQIVDbKXPWHVEYdGgd5ZR4SH/Ty/61p63jCjrPxX1XrR7IGkl08bjhJROStD7j+RKgoIw=="
    },
    "@popmotion/popcorn": {
      "version": "0.4.4",
      "resolved": "https://registry.npmjs.org/@popmotion/popcorn/-/popcorn-0.4.4.tgz",
      "integrity": "sha512-jYO/8319fKoNLMlY4ZJPiPu8Ea8occYwRZhxpaNn/kZsK4QG2E7XFlXZMJBsTWDw7I1i0uaqyC4zn1nwEezLzg==",
      "requires": {
        "@popmotion/easing": "^1.0.1",
        "framesync": "^4.0.1",
        "hey-listen": "^1.0.8",
        "style-value-types": "^3.1.7",
        "tslib": "^1.10.0"
      }
    },
    "@react-spring/animated": {
      "version": "9.1.2",
      "resolved": "https://registry.npmjs.org/@react-spring/animated/-/animated-9.1.2.tgz",
      "integrity": "sha512-nKOGk+3aWbNp46V/CB1J2vR3GJI/Vork8N1WTI5mt+32QekrSsBn5/YFt4/iPaDGhLjukFxF0IjLs6hRLqSObw==",
      "requires": {
        "@react-spring/shared": "~9.1.2",
        "@react-spring/types": "~9.1.2"
      }
    },
    "@react-spring/core": {
      "version": "9.1.2",
      "resolved": "https://registry.npmjs.org/@react-spring/core/-/core-9.1.2.tgz",
      "integrity": "sha512-rgobYPCcLdDwbHBVqAmvtXhhX92G7MoPltJlzUge843yp1dNr47tkagFdCtw9NMGp6eHu/CE5byh/imlhLLAxw==",
      "requires": {
        "@react-spring/animated": "~9.1.2",
        "@react-spring/shared": "~9.1.2",
        "@react-spring/types": "~9.1.2"
      }
    },
    "@react-spring/konva": {
      "version": "9.1.2",
      "resolved": "https://registry.npmjs.org/@react-spring/konva/-/konva-9.1.2.tgz",
      "integrity": "sha512-P60mhUHRYgPPhoTBQWzuzD3hfeCFWC0BQ7N0iHzpMTzDIrAvutyg+iAX59jSXo3yatrcx60NmlCsiG8tRxbw6w==",
      "requires": {
        "@react-spring/animated": "~9.1.2",
        "@react-spring/core": "~9.1.2",
        "@react-spring/shared": "~9.1.2",
        "@react-spring/types": "~9.1.2"
      }
    },
    "@react-spring/native": {
      "version": "9.1.2",
      "resolved": "https://registry.npmjs.org/@react-spring/native/-/native-9.1.2.tgz",
      "integrity": "sha512-d7+tCoKAnDPSoVtpyFFm4BWQhn1h833ocdP0d2POZzKTcR1iQ8YI7EQ22iKGLvwH+0vjymde039CgYy31INqWQ==",
      "requires": {
        "@react-spring/animated": "~9.1.2",
        "@react-spring/core": "~9.1.2",
        "@react-spring/shared": "~9.1.2",
        "@react-spring/types": "~9.1.2"
      }
    },
    "@react-spring/shared": {
      "version": "9.1.2",
      "resolved": "https://registry.npmjs.org/@react-spring/shared/-/shared-9.1.2.tgz",
      "integrity": "sha512-sj/RrhFZAteCWAMk+W0t6Ku/skn/lbskCCs8B7ZnHNLMGPM+Zb3MOk+aVbX3T/D0iq/oTnKWyQYqrXDKiFcZ7g==",
      "requires": {
        "@react-spring/types": "~9.1.2",
        "rafz": "^0.1.14"
      }
    },
    "@react-spring/three": {
      "version": "9.1.2",
      "resolved": "https://registry.npmjs.org/@react-spring/three/-/three-9.1.2.tgz",
      "integrity": "sha512-d/v94ykmfJGLTJxJ+jxlTAJSfFdD+SSf+yvXReS81hc7+9VYeEwIHVIEKOzckYnPy/MEOSVhIVKF/9wdFIIo6g==",
      "requires": {
        "@react-spring/animated": "~9.1.2",
        "@react-spring/core": "~9.1.2",
        "@react-spring/shared": "~9.1.2",
        "@react-spring/types": "~9.1.2"
      }
    },
    "@react-spring/types": {
      "version": "9.1.2",
      "resolved": "https://registry.npmjs.org/@react-spring/types/-/types-9.1.2.tgz",
      "integrity": "sha512-NZNImL0ymRFbss1cGKX2qSEeFdFoOgnIJZEW4Uczt+wm04J7g0Zuf23Hf8hM35JtxDr8QO5okp8BBtCM5FzzMg=="
    },
    "@react-spring/web": {
      "version": "9.1.2",
      "resolved": "https://registry.npmjs.org/@react-spring/web/-/web-9.1.2.tgz",
      "integrity": "sha512-E5W9Hmi2bO6CPorCNV/2iv12ux9LxHJAbpXmrBPKWFRqZixysiHoNQKKPG0DmSvUU1uKkvCvMC4VoB6pj/2kxw==",
      "requires": {
        "@react-spring/animated": "~9.1.2",
        "@react-spring/core": "~9.1.2",
        "@react-spring/shared": "~9.1.2",
        "@react-spring/types": "~9.1.2"
      }
    },
    "@react-spring/zdog": {
      "version": "9.1.2",
      "resolved": "https://registry.npmjs.org/@react-spring/zdog/-/zdog-9.1.2.tgz",
      "integrity": "sha512-t5RobDp12HGVh6XJ1BZ+dFdxRQ/goEapYvjH5eqQa1vC97bSqJGLiG+SM/E360DtDlh8GXAyGSesd2pXzBkpPg==",
      "requires": {
        "@react-spring/animated": "~9.1.2",
        "@react-spring/core": "~9.1.2",
        "@react-spring/shared": "~9.1.2",
        "@react-spring/types": "~9.1.2"
      }
    },
    "@types/invariant": {
      "version": "2.2.34",
      "resolved": "https://registry.npmjs.org/@types/invariant/-/invariant-2.2.34.tgz",
      "integrity": "sha512-lYUtmJ9BqUN688fGY1U1HZoWT1/Jrmgigx2loq4ZcJpICECm/Om3V314BxdzypO0u5PORKGMM6x0OXaljV1YFg=="
    },
    "@types/node": {
      "version": "10.17.59",
      "resolved": "https://registry.npmjs.org/@types/node/-/node-10.17.59.tgz",
      "integrity": "sha512-7Uc8IRrL8yZz5ti45RaFxpbU8TxlzdC3HvxV+hOWo1EyLsuKv/w7y0n+TwZzwL3vdx3oZ2k3ubxPq131hNtXyg=="
    },
    "commondir": {
      "version": "1.0.1",
      "resolved": "https://registry.npmjs.org/commondir/-/commondir-1.0.1.tgz",
      "integrity": "sha1-3dgA2gxmEnOTzKWVDqloo6rxJTs="
    },
    "dom-helpers": {
      "version": "3.4.0",
      "resolved": "https://registry.npmjs.org/dom-helpers/-/dom-helpers-3.4.0.tgz",
      "integrity": "sha512-LnuPJ+dwqKDIyotW1VzmOZ5TONUN7CwkCR5hrgawTUbkBGYdeoNLZo6nNfGkCrjtE1nXXaj7iMMpDa8/d9WoIA==",
      "requires": {
        "@babel/runtime": "^7.1.2"
      }
    },
    "estree-walker": {
      "version": "0.6.1",
      "resolved": "https://registry.npmjs.org/estree-walker/-/estree-walker-0.6.1.tgz",
      "integrity": "sha512-SqmZANLWS0mnatqbSfRP5g8OXZC12Fgg1IwNtLsyHDzJizORW4khDfjPqJZsemPWBB2uqykUah5YpQ6epsqC/w=="
    },
    "exenv": {
      "version": "1.2.2",
      "resolved": "https://registry.npmjs.org/exenv/-/exenv-1.2.2.tgz",
      "integrity": "sha1-KueOhdmJQVhnCwPUe+wfA72Ru50="
    },
    "find-cache-dir": {
      "version": "3.3.1",
      "resolved": "https://registry.npmjs.org/find-cache-dir/-/find-cache-dir-3.3.1.tgz",
      "integrity": "sha512-t2GDMt3oGC/v+BMwzmllWDuJF/xcDtE5j/fCGbqDD7OLuJkj0cfh1YSA5VKPvwMeLFLNDBkwOKZ2X85jGLVftQ==",
      "requires": {
        "commondir": "^1.0.1",
        "make-dir": "^3.0.2",
        "pkg-dir": "^4.1.0"
      }
    },
    "find-up": {
      "version": "4.1.0",
      "resolved": "https://registry.npmjs.org/find-up/-/find-up-4.1.0.tgz",
      "integrity": "sha512-PpOwAdQ/YlXQ2vj8a3h8IipDuYRi3wceVQQGYWxNINccq40Anw7BlsEXCMbt1Zt+OLA6Fq9suIpIWD0OsnISlw==",
      "requires": {
        "locate-path": "^5.0.0",
        "path-exists": "^4.0.0"
      }
    },
    "framesync": {
      "version": "4.1.0",
      "resolved": "https://registry.npmjs.org/framesync/-/framesync-4.1.0.tgz",
      "integrity": "sha512-MmgZ4wCoeVxNbx2xp5hN/zPDCbLSKiDt4BbbslK7j/pM2lg5S0vhTNv1v8BCVb99JPIo6hXBFdwzU7Q4qcAaoQ==",
      "requires": {
        "hey-listen": "^1.0.5"
      }
    },
    "fs-extra": {
      "version": "8.1.0",
      "resolved": "https://registry.npmjs.org/fs-extra/-/fs-extra-8.1.0.tgz",
      "integrity": "sha512-yhlQgA6mnOJUKOsRUFsgJdQCvkKhcz8tlZG5HBQfReYZy46OwLcY+Zia0mtdHsOo9y/hP+CxMN0TU9QxoOtG4g==",
      "requires": {
        "graceful-fs": "^4.2.0",
        "jsonfile": "^4.0.0",
        "universalify": "^0.1.0"
      }
    },
    "graceful-fs": {
      "version": "4.2.6",
      "resolved": "https://registry.npmjs.org/graceful-fs/-/graceful-fs-4.2.6.tgz",
      "integrity": "sha512-nTnJ528pbqxYanhpDYsi4Rd8MAeaBA67+RZ10CM1m3bTAVFEDcd5AuA4a6W5YkGZ1iNXHzZz8T6TBKLeBuNriQ=="
    },
    "hey-listen": {
      "version": "1.0.8",
      "resolved": "https://registry.npmjs.org/hey-listen/-/hey-listen-1.0.8.tgz",
      "integrity": "sha512-COpmrF2NOg4TBWUJ5UVyaCU2A88wEMkUPK4hNqyCkqHbxT92BbvfjoSozkAIIm6XhicGlJHhFdullInrdhwU8Q=="
    },
    "js-tokens": {
      "version": "4.0.0",
      "resolved": "https://registry.npmjs.org/js-tokens/-/js-tokens-4.0.0.tgz",
      "integrity": "sha512-RdJUflcE3cUzKiMqQgsCu06FPu9UdIJO0beYbPhHN4k6apgJtifcoCtT9bcxOpYBtpD2kCM6Sbzg4CausW/PKQ=="
    },
    "jsonfile": {
      "version": "4.0.0",
      "resolved": "https://registry.npmjs.org/jsonfile/-/jsonfile-4.0.0.tgz",
      "integrity": "sha1-h3Gq4HmbZAdrdmQPygWPnBDjPss=",
      "requires": {
        "graceful-fs": "^4.1.6"
      }
    },
    "locate-path": {
      "version": "5.0.0",
      "resolved": "https://registry.npmjs.org/locate-path/-/locate-path-5.0.0.tgz",
      "integrity": "sha512-t7hw9pI+WvuwNJXwk5zVHpyhIqzg2qTlklJOf0mVxGSbe3Fp2VieZcduNYjaLDoy6p9uGpQEGWG87WpMKlNq8g==",
      "requires": {
        "p-locate": "^4.1.0"
      }
    },
    "lodash.debounce": {
      "version": "4.0.8",
      "resolved": "https://registry.npmjs.org/lodash.debounce/-/lodash.debounce-4.0.8.tgz",
      "integrity": "sha1-gteb/zCmfEAF/9XiUVMArZyk168="
    },
    "loose-envify": {
      "version": "1.4.0",
      "resolved": "https://registry.npmjs.org/loose-envify/-/loose-envify-1.4.0.tgz",
      "integrity": "sha512-lyuxPGr/Wfhrlem2CL/UcnUc1zcqKAImBDzukY7Y5F/yQiNdko6+fRLevlw1HgMySw7f611UIY408EtxRSoK3Q==",
      "requires": {
        "js-tokens": "^3.0.0 || ^4.0.0"
      }
    },
    "make-dir": {
      "version": "3.1.0",
      "resolved": "https://registry.npmjs.org/make-dir/-/make-dir-3.1.0.tgz",
      "integrity": "sha512-g3FeP20LNwhALb/6Cz6Dd4F2ngze0jz7tbzrD2wAV+o9FeNHe4rL+yK2md0J/fiSf1sa1ADhXqi5+oVwOM/eGw==",
      "requires": {
        "semver": "^6.0.0"
      }
    },
    "object-assign": {
      "version": "4.1.1",
      "resolved": "https://registry.npmjs.org/object-assign/-/object-assign-4.1.1.tgz",
      "integrity": "sha1-IQmtx5ZYh8/AXLvUQsrIv7s2CGM="
    },
    "p-limit": {
      "version": "2.3.0",
      "resolved": "https://registry.npmjs.org/p-limit/-/p-limit-2.3.0.tgz",
      "integrity": "sha512-//88mFWSJx8lxCzwdAABTJL2MyWB12+eIY7MDL2SqLmAkeKU9qxRvWuSyTjm3FUmpBEMuFfckAIqEaVGUDxb6w==",
      "requires": {
        "p-try": "^2.0.0"
      }
    },
    "p-locate": {
      "version": "4.1.0",
      "resolved": "https://registry.npmjs.org/p-locate/-/p-locate-4.1.0.tgz",
      "integrity": "sha512-R79ZZ/0wAxKGu3oYMlz8jy/kbhsNrS7SKZ7PxEHBgJ5+F2mtFW2fK2cOtBh1cHYkQsbzFV7I+EoRKe6Yt0oK7A==",
      "requires": {
        "p-limit": "^2.2.0"
      }
    },
    "p-try": {
      "version": "2.2.0",
      "resolved": "https://registry.npmjs.org/p-try/-/p-try-2.2.0.tgz",
      "integrity": "sha512-R4nPAVTAU0B9D35/Gk3uJf/7XYbQcyohSKdvAxIRSNghFl4e71hVoGnBNQz9cWaXxO2I10KTC+3jMdvvoKw6dQ=="
    },
    "path-exists": {
      "version": "4.0.0",
      "resolved": "https://registry.npmjs.org/path-exists/-/path-exists-4.0.0.tgz",
      "integrity": "sha512-ak9Qy5Q7jYb2Wwcey5Fpvg2KoAc/ZIhLSLOSBmRmygPsGwkVVt0fZa0qrtMz+m6tJTAHfZQ8FnmB4MG4LWy7/w=="
    },
    "path-parse": {
      "version": "1.0.6",
      "resolved": "https://registry.npmjs.org/path-parse/-/path-parse-1.0.6.tgz",
      "integrity": "sha512-GSmOT2EbHrINBf9SR7CDELwlJ8AENk3Qn7OikK4nFYAu3Ote2+JYNVvkpAEQm3/TLNEJFD/xZJjzyxg3KBWOzw=="
    },
    "pkg-dir": {
      "version": "4.2.0",
      "resolved": "https://registry.npmjs.org/pkg-dir/-/pkg-dir-4.2.0.tgz",
      "integrity": "sha512-HRDzbaKjC+AOWVXxAU/x54COGeIv9eb+6CkDSQoNTt4XyWoIJvuPsXizxu/Fr23EiekbtZwmh1IcIG/l/a10GQ==",
      "requires": {
        "find-up": "^4.0.0"
      }
    },
    "popmotion": {
      "version": "8.7.6",
      "resolved": "https://registry.npmjs.org/popmotion/-/popmotion-8.7.6.tgz",
      "integrity": "sha512-gzU0mRAik8FIEOP4Nk5yqYptJIvHLoq/IRU+rANmKjDZ7tynAivYQ9cIJAxVaoS9h0zfXvN0cFBAg93ncmHHkA==",
      "requires": {
        "@popmotion/easing": "^1.0.1",
        "@popmotion/popcorn": "^0.4.4",
        "framesync": "^4.0.0",
        "hey-listen": "^1.0.5",
        "style-value-types": "^3.1.7",
        "stylefire": "^7.0.1",
        "tslib": "^1.10.0"
      }
    },
    "popmotion-pose": {
      "version": "3.4.11",
      "resolved": "https://registry.npmjs.org/popmotion-pose/-/popmotion-pose-3.4.11.tgz",
      "integrity": "sha512-KjaevePyC1+Q3ylIcBO3YMhCouE1a/3bvtBXThrwz44fw1yXCUQagPJGkGirXI/J1xF+w3Lx3bpkkgwArizpEQ==",
      "requires": {
        "@popmotion/easing": "^1.0.1",
        "hey-listen": "^1.0.5",
        "popmotion": "^8.7.1",
        "pose-core": "^2.1.1",
        "style-value-types": "^3.0.6",
        "ts-essentials": "^1.0.3",
        "tslib": "^1.10.0"
      }
    },
    "pose-core": {
      "version": "2.1.1",
      "resolved": "https://registry.npmjs.org/pose-core/-/pose-core-2.1.1.tgz",
      "integrity": "sha512-fV1sDfu80debHmKerikypqGoORMEUHVwGh/BlWnqUSmmzQGYIg8neDrdwe66hFeRO+adr2qS4ZERSu/ZVjOiSQ==",
      "requires": {
        "@types/invariant": "^2.2.29",
        "@types/node": "^10.0.5",
        "hey-listen": "^1.0.5",
        "rollup-plugin-typescript2": "^0.25.2",
        "tslib": "^1.10.0",
        "typescript": "^3.7.2"
      }
    },
    "prop-types": {
      "version": "15.7.2",
      "resolved": "https://registry.npmjs.org/prop-types/-/prop-types-15.7.2.tgz",
      "integrity": "sha512-8QQikdH7//R2vurIJSutZ1smHYTcLpRWEOlHnzcWHmBYrOGUysKwSsrC89BCiFj3CbrfJ/nXFdJepOVrY1GCHQ==",
      "requires": {
        "loose-envify": "^1.4.0",
        "object-assign": "^4.1.1",
        "react-is": "^16.8.1"
      }
    },
    "rafz": {
      "version": "0.1.14",
      "resolved": "https://registry.npmjs.org/rafz/-/rafz-0.1.14.tgz",
      "integrity": "sha512-YiQkedSt1urYtYbvHhTQR3l67M8SZbUvga5eJFM/v4vx/GmDdtXlE2hjJIyRjhhO/PjcdGC+CXCYOUA4onit8w=="
    },
    "react-bottom-scroll-listener": {
      "version": "5.0.0",
      "resolved": "https://registry.npmjs.org/react-bottom-scroll-listener/-/react-bottom-scroll-listener-5.0.0.tgz",
      "integrity": "sha512-X+PE8qiTOd8H9WxrvBKG5AZFUtekWk2mR8YNXhF0Zd8HbpX8eNjPcKm4Y8EEdxmgOe6rP02r/glPI72tWNqtpw==",
      "requires": {
        "lodash.debounce": "^4.0.8"
      }
    },
    "react-is": {
      "version": "16.13.1",
      "resolved": "https://registry.npmjs.org/react-is/-/react-is-16.13.1.tgz",
      "integrity": "sha512-24e6ynE2H+OKt4kqsOvNd8kBpV65zoxbA4BVsEOB3ARVWQki/DHzaUoC5KuON/BiccDaCCTZBuOcfZs70kR8bQ=="
    },
    "react-lazyload": {
      "version": "3.2.0",
      "resolved": "https://registry.npmjs.org/react-lazyload/-/react-lazyload-3.2.0.tgz",
      "integrity": "sha512-zJlrG8QyVZz4+xkYZH5v1w3YaP5wEFaYSUWC4CT9UXfK75IfRAIEdnyIUF+dXr3kX2MOtL1lUaZmaQZqrETwgw=="
    },
    "react-lifecycles-compat": {
      "version": "3.0.4",
      "resolved": "https://registry.npmjs.org/react-lifecycles-compat/-/react-lifecycles-compat-3.0.4.tgz",
      "integrity": "sha512-fBASbA6LnOU9dOU2eW7aQ8xmYBSXUIWr+UmF9b1efZBazGNO+rcXT/icdKnYm2pTwcRylVUYwW7H1PHfLekVzA=="
    },
    "react-loader-spinner": {
      "version": "4.0.0",
      "resolved": "https://registry.npmjs.org/react-loader-spinner/-/react-loader-spinner-4.0.0.tgz",
      "integrity": "sha512-RU2vpEej6G4ECei0h3q6bgLU10of9Lw5O+4AwF/mtkrX5oY20Sh/AxoPJ7etbrs/7Q3u4jN5qwCwGLRKCHpk6g==",
      "requires": {
        "prop-types": "^15.7.2"
      }
    },
    "react-modal": {
      "version": "3.13.1",
      "resolved": "https://registry.npmjs.org/react-modal/-/react-modal-3.13.1.tgz",
      "integrity": "sha512-m6yXK7I4YKssQnsjHK7xITSXy2O81BSOHOsg0/uWAsdKtuT9HF2tdoYhRuxNNQg2V+LgepsoHUPJKS8m6no+eg==",
      "requires": {
        "exenv": "^1.2.0",
        "prop-types": "^15.5.10",
        "react-lifecycles-compat": "^3.0.0",
        "warning": "^4.0.3"
      }
    },
    "react-modal-video": {
      "version": "1.2.6",
      "resolved": "https://registry.npmjs.org/react-modal-video/-/react-modal-video-1.2.6.tgz",
      "integrity": "sha512-rCo+jcohvZQ+IDyd3+uwa14DuTaeMlxL9Ng4tqSl9//4Rgc0PCLQHcTdeMfHipjuzvjk6/e7OqqNRG8dMAjUYw==",
      "requires": {
        "react-transition-group": "^2.2.1"
      }
    },
    "react-pose": {
      "version": "4.0.10",
      "resolved": "https://registry.npmjs.org/react-pose/-/react-pose-4.0.10.tgz",
      "integrity": "sha512-OKc5oqKw+nL9FvIokxn8MmaAmkNsWv64hLX9xWWcMWXSgEo745hzYUqDn2viMJ97mf76oPy6Vc+BS4k6Kwj78g==",
      "requires": {
        "@emotion/is-prop-valid": "^0.7.3",
        "hey-listen": "^1.0.5",
        "popmotion-pose": "^3.4.10",
        "tslib": "^1.10.0"
      }
    },
    "react-spring": {
      "version": "9.1.2",
      "resolved": "https://registry.npmjs.org/react-spring/-/react-spring-9.1.2.tgz",
      "integrity": "sha512-xLmkierisElCQShCqAH3PpepjHhCyOK1wGSTdpvG7GGD+SbfG4Sac7wj6wrKTT5A5NUFM5OnVQUXZLe5HScIfA==",
      "requires": {
        "@react-spring/core": "~9.1.2",
        "@react-spring/konva": "~9.1.2",
        "@react-spring/native": "~9.1.2",
        "@react-spring/three": "~9.1.2",
        "@react-spring/web": "~9.1.2",
        "@react-spring/zdog": "~9.1.2"
      }
    },
    "react-transition-group": {
      "version": "2.9.0",
      "resolved": "https://registry.npmjs.org/react-transition-group/-/react-transition-group-2.9.0.tgz",
      "integrity": "sha512-+HzNTCHpeQyl4MJ/bdE0u6XRMe9+XG/+aL4mCxVN4DnPBQ0/5bfHWPDuOZUzYdMj94daZaZdCCc1Dzt9R/xSSg==",
      "requires": {
        "dom-helpers": "^3.4.0",
        "loose-envify": "^1.4.0",
        "prop-types": "^15.6.2",
        "react-lifecycles-compat": "^3.0.4"
      }
    },
    "regenerator-runtime": {
      "version": "0.13.7",
      "resolved": "https://registry.npmjs.org/regenerator-runtime/-/regenerator-runtime-0.13.7.tgz",
      "integrity": "sha512-a54FxoJDIr27pgf7IgeQGxmqUNYrcV338lf/6gH456HZ/PhX+5BcwHXG9ajESmwe6WRO0tAzRUrRmNONWgkrew=="
    },
    "resolve": {
      "version": "1.12.0",
      "resolved": "https://registry.npmjs.org/resolve/-/resolve-1.12.0.tgz",
      "integrity": "sha512-B/dOmuoAik5bKcD6s6nXDCjzUKnaDvdkRyAk6rsmsKLipWj4797iothd7jmmUhWTfinVMU+wc56rYKsit2Qy4w==",
      "requires": {
        "path-parse": "^1.0.6"
      }
    },
    "rollup-plugin-typescript2": {
      "version": "0.25.3",
      "resolved": "https://registry.npmjs.org/rollup-plugin-typescript2/-/rollup-plugin-typescript2-0.25.3.tgz",
      "integrity": "sha512-ADkSaidKBovJmf5VBnZBZe+WzaZwofuvYdzGAKTN/J4hN7QJCFYAq7IrH9caxlru6T5qhX41PNFS1S4HqhsGQg==",
      "requires": {
        "find-cache-dir": "^3.0.0",
        "fs-extra": "8.1.0",
        "resolve": "1.12.0",
        "rollup-pluginutils": "2.8.1",
        "tslib": "1.10.0"
      },
      "dependencies": {
        "tslib": {
          "version": "1.10.0",
          "resolved": "https://registry.npmjs.org/tslib/-/tslib-1.10.0.tgz",
          "integrity": "sha512-qOebF53frne81cf0S9B41ByenJ3/IuH8yJKngAX35CmiZySA0khhkovshKK+jGCaMnVomla7gVlIcc3EvKPbTQ=="
        }
      }
    },
    "rollup-pluginutils": {
      "version": "2.8.1",
      "resolved": "https://registry.npmjs.org/rollup-pluginutils/-/rollup-pluginutils-2.8.1.tgz",
      "integrity": "sha512-J5oAoysWar6GuZo0s+3bZ6sVZAC0pfqKz68De7ZgDi5z63jOVZn1uJL/+z1jeKHNbGII8kAyHF5q8LnxSX5lQg==",
      "requires": {
        "estree-walker": "^0.6.1"
      }
    },
    "semver": {
      "version": "6.3.0",
      "resolved": "https://registry.npmjs.org/semver/-/semver-6.3.0.tgz",
      "integrity": "sha512-b39TBaTSfV6yBrapU89p5fKekE2m/NwnDocOVruQFS1/veMgdzuPcnOM34M6CwxW8jH/lxEa5rBoDeUwu5HHTw=="
    },
    "style-value-types": {
      "version": "3.2.0",
      "resolved": "https://registry.npmjs.org/style-value-types/-/style-value-types-3.2.0.tgz",
      "integrity": "sha512-ih0mGsrYYmVvdDi++/66O6BaQPRPRMQHoZevNNdMMcPlP/cH28Rnfsqf1UEba/Bwfuw9T8BmIMwbGdzsPwQKrQ==",
      "requires": {
        "hey-listen": "^1.0.8",
        "tslib": "^1.10.0"
      }
    },
    "stylefire": {
      "version": "7.0.3",
      "resolved": "https://registry.npmjs.org/stylefire/-/stylefire-7.0.3.tgz",
      "integrity": "sha512-Q0l7NSeFz/OkX+o6/7Zg3VZxSAZeQzQpYomWmIpOehFM/rJNMSLVX5fgg6Q48ut2ETNKwdhm97mPNU643EBCoQ==",
      "requires": {
        "@popmotion/popcorn": "^0.4.4",
        "framesync": "^4.0.0",
        "hey-listen": "^1.0.8",
        "style-value-types": "^3.1.7",
        "tslib": "^1.10.0"
      }
    },
    "ts-essentials": {
      "version": "1.0.4",
      "resolved": "https://registry.npmjs.org/ts-essentials/-/ts-essentials-1.0.4.tgz",
      "integrity": "sha512-q3N1xS4vZpRouhYHDPwO0bDW3EZ6SK9CrrDHxi/D6BPReSjpVgWIOpLS2o0gSBZm+7q/wyKp6RVM1AeeW7uyfQ=="
    },
    "tslib": {
      "version": "1.14.1",
      "resolved": "https://registry.npmjs.org/tslib/-/tslib-1.14.1.tgz",
      "integrity": "sha512-Xni35NKzjgMrwevysHTCArtLDpPvye8zV/0E4EyYn43P7/7qvQwPh9BGkHewbMulVntbigmcT7rdX3BNo9wRJg=="
    },
    "typescript": {
      "version": "3.9.9",
      "resolved": "https://registry.npmjs.org/typescript/-/typescript-3.9.9.tgz",
      "integrity": "sha512-kdMjTiekY+z/ubJCATUPlRDl39vXYiMV9iyeMuEuXZh2we6zz80uovNN2WlAxmmdE/Z/YQe+EbOEXB5RHEED3w=="
    },
    "universalify": {
      "version": "0.1.2",
      "resolved": "https://registry.npmjs.org/universalify/-/universalify-0.1.2.tgz",
      "integrity": "sha512-rBJeI5CXAlmy1pV+617WB9J63U6XcazHHF2f2dbJix4XzpUF0RS3Zbj0FGIOCAva5P/d/GBOYaACQ1w+0azUkg=="
    },
    "warning": {
      "version": "4.0.3",
      "resolved": "https://registry.npmjs.org/warning/-/warning-4.0.3.tgz",
      "integrity": "sha512-rpJyN222KWIvHJ/F53XSZv0Zl/accqHR8et1kpaMTD/fLCRxtV8iX8czMzY7sVZupTI3zcUTg8eycS2kNF9l6w==",
      "requires": {
        "loose-envify": "^1.0.0"
      }
    }
  }
}
